// !$*UTF8*$!
{
	archiveVersion = 1;
	classes = {
	};
	objectVersion = 50;
	objects = {

/* Begin PBXBuildFile section */
		561971F02562C06E00CD5EFE /* AppDelegate.swift in Sources */ = {isa = PBXBuildFile; fileRef = 561971EF2562C06E00CD5EFE /* AppDelegate.swift */; };
		561971F22562C06E00CD5EFE /* SceneDelegate.swift in Sources */ = {isa = PBXBuildFile; fileRef = 561971F12562C06E00CD5EFE /* SceneDelegate.swift */; };
		561971F42562C06E00CD5EFE /* ViewController.swift in Sources */ = {isa = PBXBuildFile; fileRef = 561971F32562C06E00CD5EFE /* ViewController.swift */; };
		561971F72562C06E00CD5EFE /* Main.storyboard in Resources */ = {isa = PBXBuildFile; fileRef = 561971F52562C06E00CD5EFE /* Main.storyboard */; };
		561971F92562C07100CD5EFE /* Assets.xcassets in Resources */ = {isa = PBXBuildFile; fileRef = 561971F82562C07100CD5EFE /* Assets.xcassets */; };
		561971FC2562C07100CD5EFE /* LaunchScreen.storyboard in Resources */ = {isa = PBXBuildFile; fileRef = 561971FA2562C07100CD5EFE /* LaunchScreen.storyboard */; };
/* End PBXBuildFile section */

/* Begin PBXFileReference section */
		561971EC2562C06E00CD5EFE /* AlineaInvest.app */ = {isa = PBXFileReference; explicitFileType = wrapper.application; includeInIndex = 0; path = AlineaInvest.app; sourceTree = BUILT_PRODUCTS_DIR; };
		561971EF2562C06E00CD5EFE /* AppDelegate.swift */ = {isa = PBXFileReference; lastKnownFileType = sourcecode.swift; path = AppDelegate.swift; sourceTree = "<group>"; };
		561971F12562C06E00CD5EFE /* SceneDelegate.swift */ = {isa = PBXFileReference; lastKnownFileType = sourcecode.swift; path = SceneDelegate.swift; sourceTree = "<group>"; };
		561971F32562C06E00CD5EFE /* ViewController.swift */ = {isa = PBXFileReference; lastKnownFileType = sourcecode.swift; path = ViewController.swift; sourceTree = "<group>"; };
		561971F62562C06E00CD5EFE /* Base */ = {isa = PBXFileReference; lastKnownFileType = file.storyboard; name = Base; path = Base.lproj/Main.storyboard; sourceTree = "<group>"; };
		561971F82562C07100CD5EFE /* Assets.xcassets */ = {isa = PBXFileReference; lastKnownFileType = folder.assetcatalog; path = Assets.xcassets; sourceTree = "<group>"; };
		561971FB2562C07100CD5EFE /* Base */ = {isa = PBXFileReference; lastKnownFileType = file.storyboard; name = Base; path = Base.lproj/LaunchScreen.storyboard; sourceTree = "<group>"; };
		561971FD2562C07100CD5EFE /* Info.plist */ = {isa = PBXFileReference; lastKnownFileType = text.plist.xml; path = Info.plist; sourceTree = "<group>"; };
/* End PBXFileReference section */

/* Begin PBXFrameworksBuildPhase section */
		561971E92562C06E00CD5EFE /* Frameworks */ = {
			isa = PBXFrameworksBuildPhase;
			buildActionMask = 2147483647;
			files = (
			);
			runOnlyForDeploymentPostprocessing = 0;
		};
/* End PBXFrameworksBuildPhase section */

/* Begin PBXGroup section */
		561971E32562C06E00CD5EFE = {
			isa = PBXGroup;
			children = (
				561971EE2562C06E00CD5EFE /* AlineaInvest */,
				561971ED2562C06E00CD5EFE /* Products */,
			);
			sourceTree = "<group>";
		};
		561971ED2562C06E00CD5EFE /* Products */ = {
			isa = PBXGroup;
			children = (
				561971EC2562C06E00CD5EFE /* AlineaInvest.app */,
			);
			name = Products;
			sourceTree = "<group>";
		};
		561971EE2562C06E00CD5EFE /* AlineaInvest */ = {
			isa = PBXGroup;
			children = (
				561971EF2562C06E00CD5EFE /* AppDelegate.swift */,
				561971F12562C06E00CD5EFE /* SceneDelegate.swift */,
				561971F32562C06E00CD5EFE /* ViewController.swift */,
				561971F52562C06E00CD5EFE /* Main.storyboard */,
				561971F82562C07100CD5EFE /* Assets.xcassets */,
				561971FA2562C07100CD5EFE /* LaunchScreen.storyboard */,
				561971FD2562C07100CD5EFE /* Info.plist */,
			);
			path = AlineaInvest;
			sourceTree = "<group>";
		};
/* End PBXGroup section */

/* Begin PBXNativeTarget section */
		561971EB2562C06E00CD5EFE /* AlineaInvest */ = {
			isa = PBXNativeTarget;
			buildConfigurationList = 561972002562C07100CD5EFE /* Build configuration list for PBXNativeTarget "AlineaInvest" */;
			buildPhases = (
				561971E82562C06E00CD5EFE /* Sources */,
				561971E92562C06E00CD5EFE /* Frameworks */,
				561971EA2562C06E00CD5EFE /* Resources */,
			);
			buildRules = (
			);
			dependencies = (
			);
			name = AlineaInvest;
			productName = AlineaInvest;
			productReference = 561971EC2562C06E00CD5EFE /* AlineaInvest.app */;
			productType = "com.apple.product-type.application";
		};
/* End PBXNativeTarget section */

/* Begin PBXProject section */
		561971E42562C06E00CD5EFE /* Project object */ = {
			isa = PBXProject;
			attributes = {
				LastSwiftUpdateCheck = 1210;
				LastUpgradeCheck = 1210;
				TargetAttributes = {
					561971EB2562C06E00CD5EFE = {
						CreatedOnToolsVersion = 12.1;
					};
				};
			};
			buildConfigurationList = 561971E72562C06E00CD5EFE /* Build configuration list for PBXProject "AlineaInvest" */;
			compatibilityVersion = "Xcode 9.3";
			developmentRegion = en;
			hasScannedForEncodings = 0;
			knownRegions = (
				en,
				Base,
			);
			mainGroup = 561971E32562C06E00CD5EFE;
			productRefGroup = 561971ED2562C06E00CD5EFE /* Products */;
			projectDirPath = "";
			projectRoot = "";
			targets = (
				561971EB2562C06E00CD5EFE /* AlineaInvest */,
			);
		};
/* End PBXProject section */

/* Begin PBXResourcesBuildPhase section */
		561971EA2562C06E00CD5EFE /* Resources */ = {
			isa = PBXResourcesBuildPhase;
			buildActionMask = 2147483647;
			files = (
				561971FC2562C07100CD5EFE /* LaunchScreen.storyboard in Resources */,
				561971F92562C07100CD5EFE /* Assets.xcassets in Resources */,
				561971F72562C06E00CD5EFE /* Main.storyboard in Resources */,
			);
			runOnlyForDeploymentPostprocessing = 0;
		};
/* End PBXResourcesBuildPhase section */

/* Begin PBXSourcesBuildPhase section */
		561971E82562C06E00CD5EFE /* Sources */ = {
			isa = PBXSourcesBuildPhase;
			buildActionMask = 2147483647;
			files = (
				561971F42562C06E00CD5EFE /* ViewController.swift in Sources */,
				561971F02562C06E00CD5EFE /* AppDelegate.swift in Sources */,
				561971F22562C06E00CD5EFE /* SceneDelegate.swift in Sources */,
			);
			runOnlyForDeploymentPostprocessing = 0;
		};
/* End PBXSourcesBuildPhase section */

/* Begin PBXVariantGroup section */
		561971F52562C06E00CD5EFE /* Main.storyboard */ = {
			isa = PBXVariantGroup;
			children = (
				561971F62562C06E00CD5EFE /* Base */,
			);
			name = Main.storyboard;
			sourceTree = "<group>";
		};
		561971FA2562C07100CD5EFE /* LaunchScreen.storyboard */ = {
			isa = PBXVariantGroup;
			children = (
				561971FB2562C07100CD5EFE /* Base */,
			);
			name = LaunchScreen.storyboard;
			sourceTree = "<group>";
		};
/* End PBXVariantGroup section */

/* Begin XCBuildConfiguration section */
		561971FE2562C07100CD5EFE /* Debug */ = {
			isa = XCBuildConfiguration;
			buildSettings = {
				ALWAYS_SEARCH_USER_PATHS = NO;
				CLANG_ANALYZER_NONNULL = YES;
				CLANG_ANALYZER_NUMBER_OBJECT_CONVERSION = YES_AGGRESSIVE;
				CLANG_CXX_LANGUAGE_STANDARD = "gnu++14";
				CLANG_CXX_LIBRARY = "libc++";
				CLANG_ENABLE_MODULES = YES;
				CLANG_ENABLE_OBJC_ARC = YES;
				CLANG_ENABLE_OBJC_WEAK = YES;
				CLANG_WARN_BLOCK_CAPTURE_AUTORELEASING = YES;
				CLANG_WARN_BOOL_CONVERSION = YES;
				CLANG_WARN_COMMA = YES;
				CLANG_WARN_CONSTANT_CONVERSION = YES;
				CLANG_WARN_DEPRECATED_OBJC_IMPLEMENTATIONS = YES;
				CLANG_WARN_DIRECT_OBJC_ISA_USAGE = YES_ERROR;
				CLANG_WARN_DOCUMENTATION_COMMENTS = YES;
				CLANG_WARN_EMPTY_BODY = YES;
				CLANG_WARN_ENUM_CONVERSION = YES;
				CLANG_WARN_INFINITE_RECURSION = YES;
				CLANG_WARN_INT_CONVERSION = YES;
				CLANG_WARN_NON_LITERAL_NULL_CONVERSION = YES;
				CLANG_WARN_OBJC_IMPLICIT_RETAIN_SELF = YES;
				CLANG_WARN_OBJC_LITERAL_CONVERSION = YES;
				CLANG_WARN_OBJC_ROOT_CLASS = YES_ERROR;
				CLANG_WARN_QUOTED_INCLUDE_IN_FRAMEWORK_HEADER = YES;
				CLANG_WARN_RANGE_LOOP_ANALYSIS = YES;
				CLANG_WARN_STRICT_PROTOTYPES = YES;
				CLANG_WARN_SUSPICIOUS_MOVE = YES;
				CLANG_WARN_UNGUARDED_AVAILABILITY = YES_AGGRESSIVE;
				CLANG_WARN_UNREACHABLE_CODE = YES;
				CLANG_WARN__DUPLICATE_METHOD_MATCH = YES;
				COPY_PHASE_STRIP = NO;
				DEBUG_INFORMATION_FORMAT = dwarf;
				ENABLE_STRICT_OBJC_MSGSEND = YES;
				ENABLE_TESTABILITY = YES;
				GCC_C_LANGUAGE_STANDARD = gnu11;
				GCC_DYNAMIC_NO_PIC = NO;
				GCC_NO_COMMON_BLOCKS = YES;
				GCC_OPTIMIZATION_LEVEL = 0;
				GCC_PREPROCESSOR_DEFINITIONS = (
					"DEBUG=1",
					"$(inherited)",
				);
				GCC_WARN_64_TO_32_BIT_CONVERSION = YES;
				GCC_WARN_ABOUT_RETURN_TYPE = YES_ERROR;
				GCC_WARN_UNDECLARED_SELECTOR = YES;
				GCC_WARN_UNINITIALIZED_AUTOS = YES_AGGRESSIVE;
				GCC_WARN_UNUSED_FUNCTION = YES;
				GCC_WARN_UNUSED_VARIABLE = YES;
				IPHONEOS_DEPLOYMENT_TARGET = 14.1;
				MTL_ENABLE_DEBUG_INFO = INCLUDE_SOURCE;
				MTL_FAST_MATH = YES;
				ONLY_ACTIVE_ARCH = YES;
				SDKROOT = iphoneos;
				SWIFT_ACTIVE_COMPILATION_CONDITIONS = DEBUG;
				SWIFT_OPTIMIZATION_LEVEL = "-Onone";
			};
			name = Debug;
		};
		561971FF2562C07100CD5EFE /* Release */ = {
			isa = XCBuildConfiguration;
			buildSettings = {
				ALWAYS_SEARCH_USER_PATHS = NO;
				CLANG_ANALYZER_NONNULL = YES;
				CLANG_ANALYZER_NUMBER_OBJECT_CONVERSION = YES_AGGRESSIVE;
				CLANG_CXX_LANGUAGE_STANDARD = "gnu++14";
				CLANG_CXX_LIBRARY = "libc++";
				CLANG_ENABLE_MODULES = YES;
				CLANG_ENABLE_OBJC_ARC = YES;
				CLANG_ENABLE_OBJC_WEAK = YES;
				CLANG_WARN_BLOCK_CAPTURE_AUTORELEASING = YES;
				CLANG_WARN_BOOL_CONVERSION = YES;
				CLANG_WARN_COMMA = YES;
				CLANG_WARN_CONSTANT_CONVERSION = YES;
				CLANG_WARN_DEPRECATED_OBJC_IMPLEMENTATIONS = YES;
				CLANG_WARN_DIRECT_OBJC_ISA_USAGE = YES_ERROR;
				CLANG_WARN_DOCUMENTATION_COMMENTS = YES;
				CLANG_WARN_EMPTY_BODY = YES;
				CLANG_WARN_ENUM_CONVERSION = YES;
				CLANG_WARN_INFINITE_RECURSION = YES;
				CLANG_WARN_INT_CONVERSION = YES;
				CLANG_WARN_NON_LITERAL_NULL_CONVERSION = YES;
				CLANG_WARN_OBJC_IMPLICIT_RETAIN_SELF = YES;
				CLANG_WARN_OBJC_LITERAL_CONVERSION = YES;
				CLANG_WARN_OBJC_ROOT_CLASS = YES_ERROR;
				CLANG_WARN_QUOTED_INCLUDE_IN_FRAMEWORK_HEADER = YES;
				CLANG_WARN_RANGE_LOOP_ANALYSIS = YES;
				CLANG_WARN_STRICT_PROTOTYPES = YES;
				CLANG_WARN_SUSPICIOUS_MOVE = YES;
				CLANG_WARN_UNGUARDED_AVAILABILITY = YES_AGGRESSIVE;
				CLANG_WARN_UNREACHABLE_CODE = YES;
				CLANG_WARN__DUPLICATE_METHOD_MATCH = YES;
				COPY_PHASE_STRIP = NO;
				DEBUG_INFORMATION_FORMAT = "dwarf-with-dsym";
				ENABLE_NS_ASSERTIONS = NO;
				ENABLE_STRICT_OBJC_MSGSEND = YES;
				GCC_C_LANGUAGE_STANDARD = gnu11;
				GCC_NO_COMMON_BLOCKS = YES;
				GCC_WARN_64_TO_32_BIT_CONVERSION = YES;
				GCC_WARN_ABOUT_RETURN_TYPE = YES_ERROR;
				GCC_WARN_UNDECLARED_SELECTOR = YES;
				GCC_WARN_UNINITIALIZED_AUTOS = YES_AGGRESSIVE;
				GCC_WARN_UNUSED_FUNCTION = YES;
				GCC_WARN_UNUSED_VARIABLE = YES;
				IPHONEOS_DEPLOYMENT_TARGET = 14.1;
				MTL_ENABLE_DEBUG_INFO = NO;
				MTL_FAST_MATH = YES;
				SDKROOT = iphoneos;
				SWIFT_COMPILATION_MODE = wholemodule;
				SWIFT_OPTIMIZATION_LEVEL = "-O";
				VALIDATE_PRODUCT = YES;
			};
			name = Release;
		};
		561972012562C07100CD5EFE /* Debug */ = {
			isa = XCBuildConfiguration;
			buildSettings = {
				ASSETCATALOG_COMPILER_APPICON_NAME = AppIcon;
				ASSETCATALOG_COMPILER_GLOBAL_ACCENT_COLOR_NAME = AccentColor;
				CODE_SIGN_STYLE = Automatic;
				DEVELOPMENT_TEAM = GD6GHR2Q2F;
				INFOPLIST_FILE = AlineaInvest/Info.plist;
				LD_RUNPATH_SEARCH_PATHS = (
					"$(inherited)",
					"@executable_path/Frameworks",
				);
				PRODUCT_BUNDLE_IDENTIFIER = com.manish.AlineaInvest;
				PRODUCT_NAME = "$(TARGET_NAME)";
				SWIFT_VERSION = 5.0;
				TARGETED_DEVICE_FAMILY = "1,2";
			};
			name = Debug;
		};
		561972022562C07100CD5EFE /* Release */ = {
			isa = XCBuildConfiguration;
			buildSettings = {
				ASSETCATALOG_COMPILER_APPICON_NAME = AppIcon;
				ASSETCATALOG_COMPILER_GLOBAL_ACCENT_COLOR_NAME = AccentColor;
				CODE_SIGN_STYLE = Automatic;
				DEVELOPMENT_TEAM = GD6GHR2Q2F;
				INFOPLIST_FILE = AlineaInvest/Info.plist;
				LD_RUNPATH_SEARCH_PATHS = (
					"$(inherited)",
					"@executable_path/Frameworks",
				);
				PRODUCT_BUNDLE_IDENTIFIER = com.manish.AlineaInvest;
				PRODUCT_NAME = "$(TARGET_NAME)";
				SWIFT_VERSION = 5.0;
				TARGETED_DEVICE_FAMILY = "1,2";
			};
			name = Release;
		};
/* End XCBuildConfiguration section */

/* Begin XCConfigurationList section */
		561971E72562C06E00CD5EFE /* Build configuration list for PBXProject "AlineaInvest" */ = {
			isa = XCConfigurationList;
			buildConfigurations = (
				561971FE2562C07100CD5EFE /* Debug */,
				561971FF2562C07100CD5EFE /* Release */,
			);
			defaultConfigurationIsVisible = 0;
			defaultConfigurationName = Release;
		};
		561972002562C07100CD5EFE /* Build configuration list for PBXNativeTarget "AlineaInvest" */ = {
			isa = XCConfigurationList;
			buildConfigurations = (
				561972012562C07100CD5EFE /* Debug */,
				561972022562C07100CD5EFE /* Release */,
			);
			defaultConfigurationIsVisible = 0;
			defaultConfigurationName = Release;
		};
/* End XCConfigurationList section */
	};
	rootObject = 561971E42562C06E00CD5EFE /* Project object */;
}
